
Microsoft Visual Studio Solution File, Format Version 12.00
# Visual Studio Version 17
VisualStudioVersion = 17.5.33627.172
MinimumVisualStudioVersion = 10.0.40219.1
Project("{FAE04EC0-301F-11D3-BF4B-00C04F79EFBC}") = "Asteroids in space", "Asteroids in space\Asteroids in space.csproj", "{70084B88-DF42-4995-821E-36BE2C9DE425}"
EndProject
Global
	GlobalSection(SolutionConfigurationPlatforms) = preSolution
		Debug|Any CPU = Debug|Any CPU
		Release|Any CPU = Release|Any CPU
	EndGlobalSection
	GlobalSection(ProjectConfigurationPlatforms) = postSolution
		{70084B88-DF42-4995-821E-36BE2C9DE425}.Debug|Any CPU.ActiveCfg = Debug|Any CPU
		{70084B88-DF42-4995-821E-36BE2C9DE425}.Debug|Any CPU.Build.0 = Debug|Any CPU
		{70084B88-DF42-4995-821E-36BE2C9DE425}.Release|Any CPU.ActiveCfg = Release|Any CPU
		{70084B88-DF42-4995-821E-36BE2C9DE425}.Release|Any CPU.Build.0 = Release|Any CPU
	EndGlobalSection
	GlobalSection(SolutionProperties) = preSolution
		HideSolutionNode = FALSE
	EndGlobalSection
	GlobalSection(ExtensibilityGlobals) = postSolution
		SolutionGuid = {F969E5D3-1B3B-4654-8DF7-628EE3769FFD}
	EndGlobalSection
EndGlobal
